// !$*UTF8*$!
{
	archiveVersion = 1;
	classes = {
	};
	objectVersion = 50;
	objects = {

/* Begin PBXBuildFile section */
		A199F99522DD3EC700D2933C /* AppDelegate.swift in Sources */ = {isa = PBXBuildFile; fileRef = A199F99422DD3EC700D2933C /* AppDelegate.swift */; };
		A199F99722DD3EC700D2933C /* ViewController.swift in Sources */ = {isa = PBXBuildFile; fileRef = A199F99622DD3EC700D2933C /* ViewController.swift */; };
		A199F99A22DD3EC700D2933C /* Main.storyboard in Resources */ = {isa = PBXBuildFile; fileRef = A199F99822DD3EC700D2933C /* Main.storyboard */; };
		A199F99C22DD3ECB00D2933C /* Assets.xcassets in Resources */ = {isa = PBXBuildFile; fileRef = A199F99B22DD3ECB00D2933C /* Assets.xcassets */; };
		A199F99F22DD3ECB00D2933C /* LaunchScreen.storyboard in Resources */ = {isa = PBXBuildFile; fileRef = A199F99D22DD3ECB00D2933C /* LaunchScreen.storyboard */; };
		A199F9AA22DD3ECB00D2933C /* musicApp_preSummerTests.swift in Sources */ = {isa = PBXBuildFile; fileRef = A199F9A922DD3ECB00D2933C /* musicApp_preSummerTests.swift */; };
		A199F9B522DD3ECB00D2933C /* musicApp_preSummerUITests.swift in Sources */ = {isa = PBXBuildFile; fileRef = A199F9B422DD3ECB00D2933C /* musicApp_preSummerUITests.swift */; };
/* End PBXBuildFile section */

/* Begin PBXContainerItemProxy section */
		A199F9A622DD3ECB00D2933C /* PBXContainerItemProxy */ = {
			isa = PBXContainerItemProxy;
			containerPortal = A199F98922DD3EC700D2933C /* Project object */;
			proxyType = 1;
			remoteGlobalIDString = A199F99022DD3EC700D2933C;
			remoteInfo = musicApp_preSummer;
		};
		A199F9B122DD3ECB00D2933C /* PBXContainerItemProxy */ = {
			isa = PBXContainerItemProxy;
			containerPortal = A199F98922DD3EC700D2933C /* Project object */;
			proxyType = 1;
			remoteGlobalIDString = A199F99022DD3EC700D2933C;
			remoteInfo = musicApp_preSummer;
		};
/* End PBXContainerItemProxy section */

/* Begin PBXFileReference section */
		A199F99122DD3EC700D2933C /* musicApp_preSummer.app */ = {isa = PBXFileReference; explicitFileType = wrapper.application; includeInIndex = 0; path = musicApp_preSummer.app; sourceTree = BUILT_PRODUCTS_DIR; };
		A199F99422DD3EC700D2933C /* AppDelegate.swift */ = {isa = PBXFileReference; lastKnownFileType = sourcecode.swift; path = AppDelegate.swift; sourceTree = "<group>"; };
		A199F99622DD3EC700D2933C /* ViewController.swift */ = {isa = PBXFileReference; lastKnownFileType = sourcecode.swift; path = ViewController.swift; sourceTree = "<group>"; };
		A199F99922DD3EC700D2933C /* Base */ = {isa = PBXFileReference; lastKnownFileType = file.storyboard; name = Base; path = Base.lproj/Main.storyboard; sourceTree = "<group>"; };
		A199F99B22DD3ECB00D2933C /* Assets.xcassets */ = {isa = PBXFileReference; lastKnownFileType = folder.assetcatalog; path = Assets.xcassets; sourceTree = "<group>"; };
		A199F99E22DD3ECB00D2933C /* Base */ = {isa = PBXFileReference; lastKnownFileType = file.storyboard; name = Base; path = Base.lproj/LaunchScreen.storyboard; sourceTree = "<group>"; };
		A199F9A022DD3ECB00D2933C /* Info.plist */ = {isa = PBXFileReference; lastKnownFileType = text.plist.xml; path = Info.plist; sourceTree = "<group>"; };
		A199F9A522DD3ECB00D2933C /* musicApp_preSummerTests.xctest */ = {isa = PBXFileReference; explicitFileType = wrapper.cfbundle; includeInIndex = 0; path = musicApp_preSummerTests.xctest; sourceTree = BUILT_PRODUCTS_DIR; };
		A199F9A922DD3ECB00D2933C /* musicApp_preSummerTests.swift */ = {isa = PBXFileReference; lastKnownFileType = sourcecode.swift; path = musicApp_preSummerTests.swift; sourceTree = "<group>"; };
		A199F9AB22DD3ECB00D2933C /* Info.plist */ = {isa = PBXFileReference; lastKnownFileType = text.plist.xml; path = Info.plist; sourceTree = "<group>"; };
		A199F9B022DD3ECB00D2933C /* musicApp_preSummerUITests.xctest */ = {isa = PBXFileReference; explicitFileType = wrapper.cfbundle; includeInIndex = 0; path = musicApp_preSummerUITests.xctest; sourceTree = BUILT_PRODUCTS_DIR; };
		A199F9B422DD3ECB00D2933C /* musicApp_preSummerUITests.swift */ = {isa = PBXFileReference; lastKnownFileType = sourcecode.swift; path = musicApp_preSummerUITests.swift; sourceTree = "<group>"; };
		A199F9B622DD3ECB00D2933C /* Info.plist */ = {isa = PBXFileReference; lastKnownFileType = text.plist.xml; path = Info.plist; sourceTree = "<group>"; };
/* End PBXFileReference section */

/* Begin PBXFrameworksBuildPhase section */
		A199F98E22DD3EC700D2933C /* Frameworks */ = {
			isa = PBXFrameworksBuildPhase;
			buildActionMask = 2147483647;
			files = (
			);
			runOnlyForDeploymentPostprocessing = 0;
		};
		A199F9A222DD3ECB00D2933C /* Frameworks */ = {
			isa = PBXFrameworksBuildPhase;
			buildActionMask = 2147483647;
			files = (
			);
			runOnlyForDeploymentPostprocessing = 0;
		};
		A199F9AD22DD3ECB00D2933C /* Frameworks */ = {
			isa = PBXFrameworksBuildPhase;
			buildActionMask = 2147483647;
			files = (
			);
			runOnlyForDeploymentPostprocessing = 0;
		};
/* End PBXFrameworksBuildPhase section */

/* Begin PBXGroup section */
		A199F98822DD3EC700D2933C = {
			isa = PBXGroup;
			children = (
				A199F99322DD3EC700D2933C /* musicApp_preSummer */,
				A199F9A822DD3ECB00D2933C /* musicApp_preSummerTests */,
				A199F9B322DD3ECB00D2933C /* musicApp_preSummerUITests */,
				A199F99222DD3EC700D2933C /* Products */,
			);
			sourceTree = "<group>";
		};
		A199F99222DD3EC700D2933C /* Products */ = {
			isa = PBXGroup;
			children = (
				A199F99122DD3EC700D2933C /* musicApp_preSummer.app */,
				A199F9A522DD3ECB00D2933C /* musicApp_preSummerTests.xctest */,
				A199F9B022DD3ECB00D2933C /* musicApp_preSummerUITests.xctest */,
			);
			name = Products;
			sourceTree = "<group>";
		};
		A199F99322DD3EC700D2933C /* musicApp_preSummer */ = {
			isa = PBXGroup;
			children = (
				A199F99422DD3EC700D2933C /* AppDelegate.swift */,
				A199F99622DD3EC700D2933C /* ViewController.swift */,
				A199F99822DD3EC700D2933C /* Main.storyboard */,
				A199F99B22DD3ECB00D2933C /* Assets.xcassets */,
				A199F99D22DD3ECB00D2933C /* LaunchScreen.storyboard */,
				A199F9A022DD3ECB00D2933C /* Info.plist */,
			);
			path = musicApp_preSummer;
			sourceTree = "<group>";
		};
		A199F9A822DD3ECB00D2933C /* musicApp_preSummerTests */ = {
			isa = PBXGroup;
			children = (
				A199F9A922DD3ECB00D2933C /* musicApp_preSummerTests.swift */,
				A199F9AB22DD3ECB00D2933C /* Info.plist */,
			);
			path = musicApp_preSummerTests;
			sourceTree = "<group>";
		};
		A199F9B322DD3ECB00D2933C /* musicApp_preSummerUITests */ = {
			isa = PBXGroup;
			children = (
				A199F9B422DD3ECB00D2933C /* musicApp_preSummerUITests.swift */,
				A199F9B622DD3ECB00D2933C /* Info.plist */,
			);
			path = musicApp_preSummerUITests;
			sourceTree = "<group>";
		};
/* End PBXGroup section */

/* Begin PBXNativeTarget section */
		A199F99022DD3EC700D2933C /* musicApp_preSummer */ = {
			isa = PBXNativeTarget;
			buildConfigurationList = A199F9B922DD3ECB00D2933C /* Build configuration list for PBXNativeTarget "musicApp_preSummer" */;
			buildPhases = (
				A199F98D22DD3EC700D2933C /* Sources */,
				A199F98E22DD3EC700D2933C /* Frameworks */,
				A199F98F22DD3EC700D2933C /* Resources */,
			);
			buildRules = (
			);
			dependencies = (
			);
			name = musicApp_preSummer;
			productName = musicApp_preSummer;
			productReference = A199F99122DD3EC700D2933C /* musicApp_preSummer.app */;
			productType = "com.apple.product-type.application";
		};
		A199F9A422DD3ECB00D2933C /* musicApp_preSummerTests */ = {
			isa = PBXNativeTarget;
			buildConfigurationList = A199F9BC22DD3ECB00D2933C /* Build configuration list for PBXNativeTarget "musicApp_preSummerTests" */;
			buildPhases = (
				A199F9A122DD3ECB00D2933C /* Sources */,
				A199F9A222DD3ECB00D2933C /* Frameworks */,
				A199F9A322DD3ECB00D2933C /* Resources */,
			);
			buildRules = (
			);
			dependencies = (
				A199F9A722DD3ECB00D2933C /* PBXTargetDependency */,
			);
			name = musicApp_preSummerTests;
			productName = musicApp_preSummerTests;
			productReference = A199F9A522DD3ECB00D2933C /* musicApp_preSummerTests.xctest */;
			productType = "com.apple.product-type.bundle.unit-test";
		};
		A199F9AF22DD3ECB00D2933C /* musicApp_preSummerUITests */ = {
			isa = PBXNativeTarget;
			buildConfigurationList = A199F9BF22DD3ECB00D2933C /* Build configuration list for PBXNativeTarget "musicApp_preSummerUITests" */;
			buildPhases = (
				A199F9AC22DD3ECB00D2933C /* Sources */,
				A199F9AD22DD3ECB00D2933C /* Frameworks */,
				A199F9AE22DD3ECB00D2933C /* Resources */,
			);
			buildRules = (
			);
			dependencies = (
				A199F9B222DD3ECB00D2933C /* PBXTargetDependency */,
			);
			name = musicApp_preSummerUITests;
			productName = musicApp_preSummerUITests;
			productReference = A199F9B022DD3ECB00D2933C /* musicApp_preSummerUITests.xctest */;
			productType = "com.apple.product-type.bundle.ui-testing";
		};
/* End PBXNativeTarget section */

/* Begin PBXProject section */
		A199F98922DD3EC700D2933C /* Project object */ = {
			isa = PBXProject;
			attributes = {
				LastSwiftUpdateCheck = 1010;
				LastUpgradeCheck = 1010;
				ORGANIZATIONNAME = "野崎絵未里";
				TargetAttributes = {
					A199F99022DD3EC700D2933C = {
						CreatedOnToolsVersion = 10.1;
					};
					A199F9A422DD3ECB00D2933C = {
						CreatedOnToolsVersion = 10.1;
						TestTargetID = A199F99022DD3EC700D2933C;
					};
					A199F9AF22DD3ECB00D2933C = {
						CreatedOnToolsVersion = 10.1;
						TestTargetID = A199F99022DD3EC700D2933C;
					};
				};
			};
			buildConfigurationList = A199F98C22DD3EC700D2933C /* Build configuration list for PBXProject "musicApp_preSummer" */;
			compatibilityVersion = "Xcode 9.3";
			developmentRegion = en;
			hasScannedForEncodings = 0;
			knownRegions = (
				en,
				Base,
			);
			mainGroup = A199F98822DD3EC700D2933C;
			productRefGroup = A199F99222DD3EC700D2933C /* Products */;
			projectDirPath = "";
			projectRoot = "";
			targets = (
				A199F99022DD3EC700D2933C /* musicApp_preSummer */,
				A199F9A422DD3ECB00D2933C /* musicApp_preSummerTests */,
				A199F9AF22DD3ECB00D2933C /* musicApp_preSummerUITests */,
			);
		};
/* End PBXProject section */

/* Begin PBXResourcesBuildPhase section */
		A199F98F22DD3EC700D2933C /* Resources */ = {
			isa = PBXResourcesBuildPhase;
			buildActionMask = 2147483647;
			files = (
				A199F99F22DD3ECB00D2933C /* LaunchScreen.storyboard in Resources */,
				A199F99C22DD3ECB00D2933C /* Assets.xcassets in Resources */,
				A199F99A22DD3EC700D2933C /* Main.storyboard in Resources */,
			);
			runOnlyForDeploymentPostprocessing = 0;
		};
		A199F9A322DD3ECB00D2933C /* Resources */ = {
			isa = PBXResourcesBuildPhase;
			buildActionMask = 2147483647;
			files = (
			);
			runOnlyForDeploymentPostprocessing = 0;
		};
		A199F9AE22DD3ECB00D2933C /* Resources */ = {
			isa = PBXResourcesBuildPhase;
			buildActionMask = 2147483647;
			files = (
			);
			runOnlyForDeploymentPostprocessing = 0;
		};
/* End PBXResourcesBuildPhase section */

/* Begin PBXSourcesBuildPhase section */
		A199F98D22DD3EC700D2933C /* Sources */ = {
			isa = PBXSourcesBuildPhase;
			buildActionMask = 2147483647;
			files = (
				A199F99722DD3EC700D2933C /* ViewController.swift in Sources */,
				A199F99522DD3EC700D2933C /* AppDelegate.swift in Sources */,
			);
			runOnlyForDeploymentPostprocessing = 0;
		};
		A199F9A122DD3ECB00D2933C /* Sources */ = {
			isa = PBXSourcesBuildPhase;
			buildActionMask = 2147483647;
			files = (
				A199F9AA22DD3ECB00D2933C /* musicApp_preSummerTests.swift in Sources */,
			);
			runOnlyForDeploymentPostprocessing = 0;
		};
		A199F9AC22DD3ECB00D2933C /* Sources */ = {
			isa = PBXSourcesBuildPhase;
			buildActionMask = 2147483647;
			files = (
				A199F9B522DD3ECB00D2933C /* musicApp_preSummerUITests.swift in Sources */,
			);
			runOnlyForDeploymentPostprocessing = 0;
		};
/* End PBXSourcesBuildPhase section */

/* Begin PBXTargetDependency section */
		A199F9A722DD3ECB00D2933C /* PBXTargetDependency */ = {
			isa = PBXTargetDependency;
			target = A199F99022DD3EC700D2933C /* musicApp_preSummer */;
			targetProxy = A199F9A622DD3ECB00D2933C /* PBXContainerItemProxy */;
		};
		A199F9B222DD3ECB00D2933C /* PBXTargetDependency */ = {
			isa = PBXTargetDependency;
			target = A199F99022DD3EC700D2933C /* musicApp_preSummer */;
			targetProxy = A199F9B122DD3ECB00D2933C /* PBXContainerItemProxy */;
		};
/* End PBXTargetDependency section */

/* Begin PBXVariantGroup section */
		A199F99822DD3EC700D2933C /* Main.storyboard */ = {
			isa = PBXVariantGroup;
			children = (
				A199F99922DD3EC700D2933C /* Base */,
			);
			name = Main.storyboard;
			sourceTree = "<group>";
		};
		A199F99D22DD3ECB00D2933C /* LaunchScreen.storyboard */ = {
			isa = PBXVariantGroup;
			children = (
				A199F99E22DD3ECB00D2933C /* Base */,
			);
			name = LaunchScreen.storyboard;
			sourceTree = "<group>";
		};
/* End PBXVariantGroup section */

/* Begin XCBuildConfiguration section */
		A199F9B722DD3ECB00D2933C /* Debug */ = {
			isa = XCBuildConfiguration;
			buildSettings = {
				ALWAYS_SEARCH_USER_PATHS = NO;
				CLANG_ANALYZER_NONNULL = YES;
				CLANG_ANALYZER_NUMBER_OBJECT_CONVERSION = YES_AGGRESSIVE;
				CLANG_CXX_LANGUAGE_STANDARD = "gnu++14";
				CLANG_CXX_LIBRARY = "libc++";
				CLANG_ENABLE_MODULES = YES;
				CLANG_ENABLE_OBJC_ARC = YES;
				CLANG_ENABLE_OBJC_WEAK = YES;
				CLANG_WARN_BLOCK_CAPTURE_AUTORELEASING = YES;
				CLANG_WARN_BOOL_CONVERSION = YES;
				CLANG_WARN_COMMA = YES;
				CLANG_WARN_CONSTANT_CONVERSION = YES;
				CLANG_WARN_DEPRECATED_OBJC_IMPLEMENTATIONS = YES;
				CLANG_WARN_DIRECT_OBJC_ISA_USAGE = YES_ERROR;
				CLANG_WARN_DOCUMENTATION_COMMENTS = YES;
				CLANG_WARN_EMPTY_BODY = YES;
				CLANG_WARN_ENUM_CONVERSION = YES;
				CLANG_WARN_INFINITE_RECURSION = YES;
				CLANG_WARN_INT_CONVERSION = YES;
				CLANG_WARN_NON_LITERAL_NULL_CONVERSION = YES;
				CLANG_WARN_OBJC_IMPLICIT_RETAIN_SELF = YES;
				CLANG_WARN_OBJC_LITERAL_CONVERSION = YES;
				CLANG_WARN_OBJC_ROOT_CLASS = YES_ERROR;
				CLANG_WARN_RANGE_LOOP_ANALYSIS = YES;
				CLANG_WARN_STRICT_PROTOTYPES = YES;
				CLANG_WARN_SUSPICIOUS_MOVE = YES;
				CLANG_WARN_UNGUARDED_AVAILABILITY = YES_AGGRESSIVE;
				CLANG_WARN_UNREACHABLE_CODE = YES;
				CLANG_WARN__DUPLICATE_METHOD_MATCH = YES;
				CODE_SIGN_IDENTITY = "iPhone Developer";
				COPY_PHASE_STRIP = NO;
				DEBUG_INFORMATION_FORMAT = dwarf;
				ENABLE_STRICT_OBJC_MSGSEND = YES;
				ENABLE_TESTABILITY = YES;
				GCC_C_LANGUAGE_STANDARD = gnu11;
				GCC_DYNAMIC_NO_PIC = NO;
				GCC_NO_COMMON_BLOCKS = YES;
				GCC_OPTIMIZATION_LEVEL = 0;
				GCC_PREPROCESSOR_DEFINITIONS = (
					"DEBUG=1",
					"$(inherited)",
				);
				GCC_WARN_64_TO_32_BIT_CONVERSION = YES;
				GCC_WARN_ABOUT_RETURN_TYPE = YES_ERROR;
				GCC_WARN_UNDECLARED_SELECTOR = YES;
				GCC_WARN_UNINITIALIZED_AUTOS = YES_AGGRESSIVE;
				GCC_WARN_UNUSED_FUNCTION = YES;
				GCC_WARN_UNUSED_VARIABLE = YES;
				IPHONEOS_DEPLOYMENT_TARGET = 12.1;
				MTL_ENABLE_DEBUG_INFO = INCLUDE_SOURCE;
				MTL_FAST_MATH = YES;
				ONLY_ACTIVE_ARCH = YES;
				SDKROOT = iphoneos;
				SWIFT_ACTIVE_COMPILATION_CONDITIONS = DEBUG;
				SWIFT_OPTIMIZATION_LEVEL = "-Onone";
			};
			name = Debug;
		};
		A199F9B822DD3ECB00D2933C /* Release */ = {
			isa = XCBuildConfiguration;
			buildSettings = {
				ALWAYS_SEARCH_USER_PATHS = NO;
				CLANG_ANALYZER_NONNULL = YES;
				CLANG_ANALYZER_NUMBER_OBJECT_CONVERSION = YES_AGGRESSIVE;
				CLANG_CXX_LANGUAGE_STANDARD = "gnu++14";
				CLANG_CXX_LIBRARY = "libc++";
				CLANG_ENABLE_MODULES = YES;
				CLANG_ENABLE_OBJC_ARC = YES;
				CLANG_ENABLE_OBJC_WEAK = YES;
				CLANG_WARN_BLOCK_CAPTURE_AUTORELEASING = YES;
				CLANG_WARN_BOOL_CONVERSION = YES;
				CLANG_WARN_COMMA = YES;
				CLANG_WARN_CONSTANT_CONVERSION = YES;
				CLANG_WARN_DEPRECATED_OBJC_IMPLEMENTATIONS = YES;
				CLANG_WARN_DIRECT_OBJC_ISA_USAGE = YES_ERROR;
				CLANG_WARN_DOCUMENTATION_COMMENTS = YES;
				CLANG_WARN_EMPTY_BODY = YES;
				CLANG_WARN_ENUM_CONVERSION = YES;
				CLANG_WARN_INFINITE_RECURSION = YES;
				CLANG_WARN_INT_CONVERSION = YES;
				CLANG_WARN_NON_LITERAL_NULL_CONVERSION = YES;
				CLANG_WARN_OBJC_IMPLICIT_RETAIN_SELF = YES;
				CLANG_WARN_OBJC_LITERAL_CONVERSION = YES;
				CLANG_WARN_OBJC_ROOT_CLASS = YES_ERROR;
				CLANG_WARN_RANGE_LOOP_ANALYSIS = YES;
				CLANG_WARN_STRICT_PROTOTYPES = YES;
				CLANG_WARN_SUSPICIOUS_MOVE = YES;
				CLANG_WARN_UNGUARDED_AVAILABILITY = YES_AGGRESSIVE;
				CLANG_WARN_UNREACHABLE_CODE = YES;
				CLANG_WARN__DUPLICATE_METHOD_MATCH = YES;
				CODE_SIGN_IDENTITY = "iPhone Developer";
				COPY_PHASE_STRIP = NO;
				DEBUG_INFORMATION_FORMAT = "dwarf-with-dsym";
				ENABLE_NS_ASSERTIONS = NO;
				ENABLE_STRICT_OBJC_MSGSEND = YES;
				GCC_C_LANGUAGE_STANDARD = gnu11;
				GCC_NO_COMMON_BLOCKS = YES;
				GCC_WARN_64_TO_32_BIT_CONVERSION = YES;
				GCC_WARN_ABOUT_RETURN_TYPE = YES_ERROR;
				GCC_WARN_UNDECLARED_SELECTOR = YES;
				GCC_WARN_UNINITIALIZED_AUTOS = YES_AGGRESSIVE;
				GCC_WARN_UNUSED_FUNCTION = YES;
				GCC_WARN_UNUSED_VARIABLE = YES;
				IPHONEOS_DEPLOYMENT_TARGET = 12.1;
				MTL_ENABLE_DEBUG_INFO = NO;
				MTL_FAST_MATH = YES;
				SDKROOT = iphoneos;
				SWIFT_COMPILATION_MODE = wholemodule;
				SWIFT_OPTIMIZATION_LEVEL = "-O";
				VALIDATE_PRODUCT = YES;
			};
			name = Release;
		};
		A199F9BA22DD3ECB00D2933C /* Debug */ = {
			isa = XCBuildConfiguration;
			buildSettings = {
				ASSETCATALOG_COMPILER_APPICON_NAME = AppIcon;
				CODE_SIGN_STYLE = Automatic;
				DEVELOPMENT_TEAM = 743J7J89D4;
				INFOPLIST_FILE = musicApp_preSummer/Info.plist;
				LD_RUNPATH_SEARCH_PATHS = (
					"$(inherited)",
					"@executable_path/Frameworks",
				);
				PRODUCT_BUNDLE_IDENTIFIER = "Emily.musicApp-preSummer";
				PRODUCT_NAME = "$(TARGET_NAME)";
				SWIFT_VERSION = 4.2;
				TARGETED_DEVICE_FAMILY = "1,2";
			};
			name = Debug;
		};
		A199F9BB22DD3ECB00D2933C /* Release */ = {
			isa = XCBuildConfiguration;
			buildSettings = {
				ASSETCATALOG_COMPILER_APPICON_NAME = AppIcon;
				CODE_SIGN_STYLE = Automatic;
				DEVELOPMENT_TEAM = 743J7J89D4;
				INFOPLIST_FILE = musicApp_preSummer/Info.plist;
				LD_RUNPATH_SEARCH_PATHS = (
					"$(inherited)",
					"@executable_path/Frameworks",
				);
				PRODUCT_BUNDLE_IDENTIFIER = "Emily.musicApp-preSummer";
				PRODUCT_NAME = "$(TARGET_NAME)";
				SWIFT_VERSION = 4.2;
				TARGETED_DEVICE_FAMILY = "1,2";
			};
			name = Release;
		};
		A199F9BD22DD3ECB00D2933C /* Debug */ = {
			isa = XCBuildConfiguration;
			buildSettings = {
				ALWAYS_EMBED_SWIFT_STANDARD_LIBRARIES = YES;
				BUNDLE_LOADER = "$(TEST_HOST)";
				CODE_SIGN_STYLE = Automatic;
				DEVELOPMENT_TEAM = 743J7J89D4;
				INFOPLIST_FILE = musicApp_preSummerTests/Info.plist;
				LD_RUNPATH_SEARCH_PATHS = (
					"$(inherited)",
					"@executable_path/Frameworks",
					"@loader_path/Frameworks",
				);
				PRODUCT_BUNDLE_IDENTIFIER = "Emily.musicApp-preSummerTests";
				PRODUCT_NAME = "$(TARGET_NAME)";
				SWIFT_VERSION = 4.2;
				TARGETED_DEVICE_FAMILY = "1,2";
				TEST_HOST = "$(BUILT_PRODUCTS_DIR)/musicApp_preSummer.app/musicApp_preSummer";
			};
			name = Debug;
		};
		A199F9BE22DD3ECB00D2933C /* Release */ = {
			isa = XCBuildConfiguration;
			buildSettings = {
				ALWAYS_EMBED_SWIFT_STANDARD_LIBRARIES = YES;
				BUNDLE_LOADER = "$(TEST_HOST)";
				CODE_SIGN_STYLE = Automatic;
				DEVELOPMENT_TEAM = 743J7J89D4;
				INFOPLIST_FILE = musicApp_preSummerTests/Info.plist;
				LD_RUNPATH_SEARCH_PATHS = (
					"$(inherited)",
					"@executable_path/Frameworks",
					"@loader_path/Frameworks",
				);
				PRODUCT_BUNDLE_IDENTIFIER = "Emily.musicApp-preSummerTests";
				PRODUCT_NAME = "$(TARGET_NAME)";
				SWIFT_VERSION = 4.2;
				TARGETED_DEVICE_FAMILY = "1,2";
				TEST_HOST = "$(BUILT_PRODUCTS_DIR)/musicApp_preSummer.app/musicApp_preSummer";
			};
			name = Release;
		};
		A199F9C022DD3ECB00D2933C /* Debug */ = {
			isa = XCBuildConfiguration;
			buildSettings = {
				ALWAYS_EMBED_SWIFT_STANDARD_LIBRARIES = YES;
				CODE_SIGN_STYLE = Automatic;
				DEVELOPMENT_TEAM = 743J7J89D4;
				INFOPLIST_FILE = musicApp_preSummerUITests/Info.plist;
				LD_RUNPATH_SEARCH_PATHS = (
					"$(inherited)",
					"@executable_path/Frameworks",
					"@loader_path/Frameworks",
				);
				PRODUCT_BUNDLE_IDENTIFIER = "Emily.musicApp-preSummerUITests";
				PRODUCT_NAME = "$(TARGET_NAME)";
				SWIFT_VERSION = 4.2;
				TARGETED_DEVICE_FAMILY = "1,2";
				TEST_TARGET_NAME = musicApp_preSummer;
			};
			name = Debug;
		};
		A199F9C122DD3ECB00D2933C /* Release */ = {
			isa = XCBuildConfiguration;
			buildSettings = {
				ALWAYS_EMBED_SWIFT_STANDARD_LIBRARIES = YES;
				CODE_SIGN_STYLE = Automatic;
				DEVELOPMENT_TEAM = 743J7J89D4;
				INFOPLIST_FILE = musicApp_preSummerUITests/Info.plist;
				LD_RUNPATH_SEARCH_PATHS = (
					"$(inherited)",
					"@executable_path/Frameworks",
					"@loader_path/Frameworks",
				);
				PRODUCT_BUNDLE_IDENTIFIER = "Emily.musicApp-preSummerUITests";
				PRODUCT_NAME = "$(TARGET_NAME)";
				SWIFT_VERSION = 4.2;
				TARGETED_DEVICE_FAMILY = "1,2";
				TEST_TARGET_NAME = musicApp_preSummer;
			};
			name = Release;
		};
/* End XCBuildConfiguration section */

/* Begin XCConfigurationList section */
		A199F98C22DD3EC700D2933C /* Build configuration list for PBXProject "musicApp_preSummer" */ = {
			isa = XCConfigurationList;
			buildConfigurations = (
				A199F9B722DD3ECB00D2933C /* Debug */,
				A199F9B822DD3ECB00D2933C /* Release */,
			);
			defaultConfigurationIsVisible = 0;
			defaultConfigurationName = Release;
		};
		A199F9B922DD3ECB00D2933C /* Build configuration list for PBXNativeTarget "musicApp_preSummer" */ = {
			isa = XCConfigurationList;
			buildConfigurations = (
				A199F9BA22DD3ECB00D2933C /* Debug */,
				A199F9BB22DD3ECB00D2933C /* Release */,
			);
			defaultConfigurationIsVisible = 0;
			defaultConfigurationName = Release;
		};
		A199F9BC22DD3ECB00D2933C /* Build configuration list for PBXNativeTarget "musicApp_preSummerTests" */ = {
			isa = XCConfigurationList;
			buildConfigurations = (
				A199F9BD22DD3ECB00D2933C /* Debug */,
				A199F9BE22DD3ECB00D2933C /* Release */,
			);
			defaultConfigurationIsVisible = 0;
			defaultConfigurationName = Release;
		};
		A199F9BF22DD3ECB00D2933C /* Build configuration list for PBXNativeTarget "musicApp_preSummerUITests" */ = {
			isa = XCConfigurationList;
			buildConfigurations = (
				A199F9C022DD3ECB00D2933C /* Debug */,
				A199F9C122DD3ECB00D2933C /* Release */,
			);
			defaultConfigurationIsVisible = 0;
			defaultConfigurationName = Release;
		};
/* End XCConfigurationList section */
	};
	rootObject = A199F98922DD3EC700D2933C /* Project object */;
}
